{
    "_meta": {
        "hash": {
            "sha256": "f05f9e300c88030ff492b1c6c019990ad9d8656221ef7c28e7636a2f86a79791"
        },
        "pipfile-spec": 6,
        "requires": {
            "python_version": "3.5"
        },
        "sources": [
            {
                "name": "pypi",
                "url": "https://pypi.org/simple",
                "verify_ssl": true
            }
        ]
    },
    "default": {},
    "develop": {}
}
