{
  "plugin_type": "utilities",
  "name": "dbt-snowflake",
  "namespace": "dbt_snowflake",
  "variant": "dbt-labs",
  "label": "dbt Snowflake",
  "docs": "https://hub.meltano.com/utilities/dbt-snowflake--dbt-labs",
  "repo": "https://github.com/dbt-labs/dbt-snowflake",
  "pip_url": "dbt-core~=1.5.2 dbt-snowflake~=1.5.2 meltano-dbt-ext~=0.3.0",
  "executable": "dbt_invoker",
  "logo_url": "https://hub.meltano.com/assets/logos/utilities/dbt.png",
  "settings": [
    {
      "name": "account",
      "kind": "string",
      "label": "Account",
      "description": "The snowflake account to connect to."
    },
    {
      "name": "database",
      "kind": "string",
      "label": "Database",
      "description": "The database to create models in."
    },
    {
      "name": "password",
      "sensitive": true,
      "label": "Password",
      "description": "The user password to authenticate with."
    },
    {
      "name": "profiles_dir",
      "env": "DBT_PROFILES_DIR",
      "value": "$MELTANO_PROJECT_ROOT/transform/profiles/snowflake",
      "label": "Profiles Directory"
    },
    {
      "name": "project_dir",
      "env": "DBT_PROJECT_DIR",
      "value": "$MELTANO_PROJECT_ROOT/transform",
      "label": "Projects Directory"
    },
    {
      "name": "role",
      "kind": "string",
      "label": "Role",
      "description": "The user role to assume."
    },
    {
      "name": "schema",
      "kind": "string",
      "label": "Schema",
      "description": "The schema to build models into by default."
    },
    {
      "name": "skip_pre_invoke",
      "env": "DBT_EXT_SKIP_PRE_INVOKE",
      "kind": "boolean",
      "value": false,
      "label": "Skip Pre-invoke",
      "description": "Whether to skip pre-invoke hooks which automatically run dbt clean and deps"
    },
    {
      "name": "target_path",
      "env": "DBT_TARGET_PATH",
      "kind": "string",
      "value": "$MELTANO_PROJECT_ROOT/.meltano/transformers/dbt/target",
      "label": "Target Path"
    },
    {
      "name": "type",
      "env": "DBT_EXT_TYPE",
      "value": "snowflake",
      "label": "dbt Profile type"
    },
    {
      "name": "user",
      "kind": "string",
      "label": "User",
      "description": "The user to connect as."
    },
    {
      "name": "warehouse",
      "kind": "string",
      "label": "Warehouse",
      "description": "The compute warehouse to use when building models."
    }
  ],
  "commands": {
    "build": {
      "args": "build",
      "description": "Will run your models, tests, snapshots and seeds in DAG order."
    },
    "clean": {
      "args": "clean",
      "description": "Delete all folders in the clean-targets list (usually the dbt_modules and target directories.)"
    },
    "compile": {
      "args": "compile",
      "description": "Generates executable SQL from source model, test, and analysis files. Compiled SQL files are written to the target/ directory."
    },
    "debug": {
      "args": "debug",
      "description": "Debug your DBT project and warehouse connection."
    },
    "deps": {
      "args": "deps",
      "description": "Pull the most recent version of the dependencies listed in packages.yml"
    },
    "describe": {
      "args": "describe",
      "description": "Describe the",
      "executable": "dbt_extension"
    },
    "docs-generate": {
      "args": "docs generate",
      "description": "Generate documentation for your project."
    },
    "docs-serve": {
      "args": "docs serve",
      "description": "Serve documentation for your project. Make sure you ran `docs-generate` first."
    },
    "freshness": {
      "args": "source freshness",
      "description": "Check the freshness of your source data."
    },
    "initialize": {
      "args": "initialize",
      "description": "Initialize a new dbt project. This will create a dbt_project.yml file, a profiles.yml file, and models directory.\n",
      "executable": "dbt_extension"
    },
    "run": {
      "args": "run",
      "description": "Compile SQL and execute against the current target database."
    },
    "seed": {
      "args": "seed",
      "description": "Load data from csv files into your data warehouse."
    },
    "snapshot": {
      "args": "snapshot",
      "description": "Execute snapshots defined in your project."
    },
    "test": {
      "args": "test",
      "description": "Runs tests on data in deployed models."
    }
  },
  "ext_repo": "https://github.com/meltano/dbt-ext"
}