{
  "plugin_type": "utilities",
  "name": "superset",
  "namespace": "superset",
  "variant": "apache",
  "label": "Superset",
  "docs": "https://hub.meltano.com/utilities/superset--apache",
  "repo": "https://github.com/apache/superset",
  "pip_url": "apache-superset==3.1.1 flask==2.2.5 werkzeug==2.3.3 jinja2==3.0.1 wtforms==2.3.3",
  "description": "A modern, enterprise-ready business intelligence web application.",
  "logo_url": "https://hub.meltano.com/assets/logos/utilities/superset.png",
  "settings": [
    {
      "name": "SECRET_KEY",
      "kind": "string",
      "value": "thisisnotapropersecretkey",
      "label": "Secret Key",
      "description": "App secret key used for securely signing the session cookie and encrypting sensitive information on the database. Equivalent to the `SECRET_KEY` setting in `superset_config.py`.",
      "sensitive": true
    },
    {
      "name": "SQLALCHEMY_DATABASE_URI",
      "value": "sqlite:///$MELTANO_PROJECT_ROOT/.meltano/utilities/superset/superset.db",
      "label": "SQLAlchemy Database URI",
      "description": "Superset metadata database connection string. Equivalent to the `SQLALCHEMY_DATABASE_URI` setting in `superset_config.py`.\n\nSQLite is used by default, but in production PostgreSQL or MySQL is more appropriate. See the [Superset documentation](https://superset.apache.org/docs/installation/configuring-superset/#using-a-production-metastore) for more information. To add a database driver like `psycopg2` or `mysqlclient`, refer to the [Add additional database drivers](#add-additional-database-drivers) section above.\n"
    },
    {
      "name": "ui.bind_host",
      "value": "0.0.0.0",
      "label": "UI Bind Host",
      "description": "Host used by `meltano invoke superset:ui`. Used in the `gunicorn` `--bind` option along with `ui.port`."
    },
    {
      "name": "ui.port",
      "kind": "integer",
      "value": 8088,
      "label": "UI Port",
      "description": "Port used by `meltano invoke superset:ui`. Used in the `gunicorn` `--bind` option along with `ui.bind_host`."
    },
    {
      "name": "ui.timeout",
      "kind": "integer",
      "value": 60,
      "label": "UI Timeout",
      "description": "Timeout in sections, used by `meltano invoke superset:ui`. Corresponds to the `gunicorn` `--timeout` option"
    },
    {
      "name": "ui.workers",
      "kind": "integer",
      "value": 4,
      "label": "UI Workers",
      "description": "Workers used by `meltano invoke superset:ui`. Corresponds to the `gunicorn` `--workers` option"
    }
  ],
  "commands": {
    "create-admin": {
      "args": "fab create-admin",
      "description": "Create an admin user."
    },
    "load-examples": {
      "args": "load_examples",
      "description": "Load examples."
    },
    "ui": {
      "args": "--bind $SUPERSET_UI_BIND_HOST:$SUPERSET_UI_PORT --timeout $SUPERSET_UI_TIMEOUT --workers $SUPERSET_UI_WORKERS superset.app:create_app()",
      "description": "Start the Superset UI. Will be available on the configured `ui.bind_host` and `ui.port`, which default to `http://localhost:8088`",
      "executable": "gunicorn"
    }
  }
}