{
  "plugin_type": "extractors",
  "name": "tap-spreadsheets-anywhere",
  "namespace": "tap_spreadsheets_anywhere",
  "variant": "ets",
  "label": "Spreadsheets Anywhere",
  "docs": "https://hub.meltano.com/extractors/tap-spreadsheets-anywhere--ets",
  "repo": "https://github.com/ets/tap-spreadsheets-anywhere",
  "pip_url": "git+https://github.com/ets/tap-spreadsheets-anywhere.git",
  "capabilities": [
    "catalog",
    "discover",
    "state"
  ],
  "settings_group_validation": [
    [
      "tables"
    ]
  ],
  "settings": [
    {
      "name": "tables",
      "kind": "array",
      "label": "Tables",
      "description": "An array holding json objects that each describe a set of targeted source files. See [repo README](https://github.com/ets/tap-spreadsheets-anywhere) for details."
    }
  ]
}
