{
  "plugin_type": "extractors",
  "name": "tap-slack",
  "namespace": "tap_slack",
  "variant": "meltanolabs",
  "label": "Slack",
  "docs": "https://hub.meltano.com/extractors/tap-slack--meltanolabs",
  "repo": "https://github.com/MeltanoLabs/tap-slack",
  "pip_url": "git+https://github.com/MeltanoLabs/tap-slack.git",
  "capabilities": [
    "catalog",
    "state",
    "discover",
    "about",
    "stream-maps"
  ],
  "settings_group_validation": [
    [
      "api_key"
    ]
  ],
  "settings": [
    {
      "name": "api_key",
      "label": "API Key",
      "sensitive": true
    },
    {
      "name": "start_date",
      "kind": "date_iso8601",
      "label": "Start Date",
      "description": "Determines how much historical data will be extracted. Please be aware that the larger the time period and amount of data, the longer the initial extraction can be expected to take."
    },
    {
      "name": "thread_lookback_days",
      "kind": "integer",
      "label": "Thread Lookback Days",
      "description": "The number of days to look in the past for new thread replies to existing messages"
    },
    {
      "name": "channel_types",
      "kind": "array",
      "label": "Channel Types",
      "description": "The types of conversations the tap will attempt to extract data from. Must be one of 'public_channel', 'mpim', 'private_channel', or 'im'. Note that the Slack app must have the appropriate privileges and be a member of the conversations to sync messages."
    },
    {
      "name": "auto_join_channels",
      "kind": "boolean",
      "label": "Auto Join Channels",
      "description": "Whether the bot user should attempt to join channels that it has not yet joined. The bot user must be a member of the channel to retrieve messages."
    },
    {
      "name": "selected_channels",
      "kind": "array",
      "label": "Selected Channels",
      "description": "A list of channel IDs that should be retrieved. If not defined then all are selected."
    },
    {
      "name": "excluded_channels",
      "kind": "array",
      "label": "Excluded Channels",
      "description": "A list of channel IDs that should not be retrieved. Excluding overrides a selected setting, so if a channel is included in both selected and excluded, it will be excluded."
    }
  ]
}
