{
  "plugin_type": "loaders",
  "name": "target-apprise",
  "namespace": "target_apprise",
  "variant": "AutoIDM",
  "label": "Apprise",
  "docs": "https://hub.meltano.com/loaders/target-apprise--AutoIDM",
  "repo": "https://github.com/AutoIDM/target-apprise",
  "pip_url": "target-apprise",
  "capabilities": [
    "about",
    "stream-maps",
    "record-flattening"
  ],
  "settings_group_validation": [
    [
      "uris"
    ]
  ],
  "settings": [
    {
      "name": "uris",
      "kind": "array",
      "label": "URIs",
      "description": "Array of apprise URIs"
    }
  ]
}
