{
  "plugin_type": "extractors",
  "name": "tap-snowflake",
  "namespace": "tap_snowflake",
  "variant": "transferwise",
  "label": "Snowflake",
  "docs": "https://hub.meltano.com/extractors/tap-snowflake--transferwise",
  "repo": "https://github.com/transferwise/pipelinewise-tap-snowflake",
  "pip_url": "pipelinewise-tap-snowflake",
  "description": "For extracting data from Snowflake",
  "logo_url": "https://hub.meltano.com/assets/logos/extractors/snowflake.png",
  "capabilities": [
    "catalog",
    "discover",
    "state"
  ],
  "settings_group_validation": [
    [
      "account",
      "dbname",
      "password",
      "tables",
      "user",
      "warehouse"
    ],
    [
      "account",
      "dbname",
      "private_key_passphrase",
      "private_key_path",
      "tables",
      "user",
      "warehouse"
    ]
  ],
  "settings": [
    {
      "name": "account",
      "label": "Account",
      "description": "Snowflake account name (i.e. `rtXXXXX.eu-central-1`)",
      "placeholder": "E.g. rtXXXXX.eu-central-1"
    },
    {
      "name": "dbname",
      "label": "Database Name",
      "description": "Snowflake Database name"
    },
    {
      "name": "insecure_mode",
      "kind": "boolean",
      "value": false,
      "label": "Insecure Mode",
      "description": "Use insecure mode to avoid \"Failed to get OCSP response\" warnings."
    },
    {
      "name": "password",
      "kind": "string",
      "label": "Password",
      "description": "Snowflake Password",
      "sensitive": true
    },
    {
      "name": "private_key_passphrase",
      "label": "Private Key Passphrase",
      "description": "The private key passphrase used for authenticating using Key Pair authentication instead of user/pass."
    },
    {
      "name": "private_key_path",
      "label": "Private Key Path",
      "description": "A path to your private key used for authenticating using Key Pair authentication instead of user/pass."
    },
    {
      "name": "role",
      "label": "Role",
      "description": "Snowflake role to use. If not defined then the user's default role will be used."
    },
    {
      "name": "tables",
      "label": "Tables",
      "description": "A comma separated list of the table names that you want to sync. The table names should be fully qualified including the db and schema name. For example, syncing table1 and table2 would look like `db.schema.table1,db.schema.table2`."
    },
    {
      "name": "user",
      "label": "User",
      "description": "Snowflake User"
    },
    {
      "name": "warehouse",
      "label": "Warehouse",
      "description": "Snowflake virtual warehouse name"
    }
  ]
}