{
  "plugin_type": "loaders",
  "name": "target-apprise",
  "namespace": "target_apprise",
  "variant": "autoidm",
  "label": "Apprise",
  "docs": "https://hub.meltano.com/loaders/target-apprise--autoidm",
  "repo": "https://github.com/AutoIDM/target-apprise",
  "pip_url": "target-apprise",
  "description": "Apprise allows you to send a notification to almost all of the most popular notification services available to us today such as: Telegram, Discord, Slack, Amazon SNS, Gotify, etc",
  "logo_url": "https://hub.meltano.com/assets/logos/loaders/apprise.png",
  "capabilities": [
    "about",
    "schema-flattening",
    "stream-maps"
  ],
  "settings_group_validation": [
    [
      "uris"
    ]
  ],
  "settings": [
    {
      "name": "flattening_enabled",
      "kind": "boolean",
      "label": "Flattening Enabled",
      "description": "'True' to enable schema flattening and automatically expand nested properties."
    },
    {
      "name": "flattening_max_depth",
      "kind": "integer",
      "label": "Flattening Max Depth",
      "description": "The max depth to flatten schemas."
    },
    {
      "name": "stream_map_config",
      "kind": "object",
      "label": "Stream Map Config",
      "description": "User-defined config values to be used within map expressions."
    },
    {
      "name": "stream_maps",
      "kind": "object",
      "label": "Stream Maps",
      "description": "Config object for stream maps capability."
    },
    {
      "name": "uris",
      "kind": "array",
      "label": "Uris",
      "description": "Array of apprise URIs,checkout https://github.com/caronc/apprise"
    }
  ]
}